
Microsoft Visual Studio Solution File, Format Version 12.00
# Visual Studio Version 17
VisualStudioVersion = 17.4.33213.308
MinimumVisualStudioVersion = 10.0.40219.1
Project("{FAE04EC0-301F-11D3-BF4B-00C04F79EFBC}") = "RaffleKing", "RaffleKing.csproj", "{7F6AF823-EAD5-496A-991C-42C751E0EEB3}"
EndProject
Global
	GlobalSection(SolutionConfigurationPlatforms) = preSolution
		Debug|Any CPU = Debug|Any CPU
		Release|Any CPU = Release|Any CPU
	EndGlobalSection
	GlobalSection(ProjectConfigurationPlatforms) = postSolution
		{7F6AF823-EAD5-496A-991C-42C751E0EEB3}.Debug|Any CPU.ActiveCfg = Debug|Any CPU
		{7F6AF823-EAD5-496A-991C-42C751E0EEB3}.Debug|Any CPU.Build.0 = Debug|Any CPU
		{7F6AF823-EAD5-496A-991C-42C751E0EEB3}.Release|Any CPU.ActiveCfg = Release|Any CPU
		{7F6AF823-EAD5-496A-991C-42C751E0EEB3}.Release|Any CPU.Build.0 = Release|Any CPU
	EndGlobalSection
	GlobalSection(SolutionProperties) = preSolution
		HideSolutionNode = FALSE
	EndGlobalSection
	GlobalSection(ExtensibilityGlobals) = postSolution
		SolutionGuid = {97084359-C80A-4507-ABF0-DAB60C026C5F}
	EndGlobalSection
EndGlobal
